// !$*UTF8*$!
{
	archiveVersion = 1;
	classes = {
	};
	objectVersion = 46;
	objects = {

/* Begin PBXBuildFile section */
		45EE1AF41E6EDFC900EDB4F5 /* main.c in Sources */ = {isa = PBXBuildFile; fileRef = 45EE1AF31E6EDFC900EDB4F5 /* main.c */; };
		45EE1AFC1E6EE21200EDB4F5 /* Calling Recursively with Functions.c in Sources */ = {isa = PBXBuildFile; fileRef = 45EE1AFA1E6EE21200EDB4F5 /* Calling Recursively with Functions.c */; };
/* End PBXBuildFile section */

/* Begin PBXCopyFilesBuildPhase section */
		45EE1AEE1E6EDFC900EDB4F5 /* CopyFiles */ = {
			isa = PBXCopyFilesBuildPhase;
			buildActionMask = 2147483647;
			dstPath = /usr/share/man/man1/;
			dstSubfolderSpec = 0;
			files = (
			);
			runOnlyForDeploymentPostprocessing = 1;
		};
/* End PBXCopyFilesBuildPhase section */

/* Begin PBXFileReference section */
		45EE1AF01E6EDFC900EDB4F5 /* Book Examples */ = {isa = PBXFileReference; explicitFileType = "compiled.mach-o.executable"; includeInIndex = 0; path = "Book Examples"; sourceTree = BUILT_PRODUCTS_DIR; };
		45EE1AF31E6EDFC900EDB4F5 /* main.c */ = {isa = PBXFileReference; lastKnownFileType = sourcecode.c.c; path = main.c; sourceTree = "<group>"; };
		45EE1AFA1E6EE21200EDB4F5 /* Calling Recursively with Functions.c */ = {isa = PBXFileReference; fileEncoding = 4; lastKnownFileType = sourcecode.c.c; path = "Calling Recursively with Functions.c"; sourceTree = "<group>"; };
		45EE1AFB1E6EE21200EDB4F5 /* Calling Recursively with Functions.h */ = {isa = PBXFileReference; fileEncoding = 4; lastKnownFileType = sourcecode.c.h; path = "Calling Recursively with Functions.h"; sourceTree = "<group>"; };
/* End PBXFileReference section */

/* Begin PBXFrameworksBuildPhase section */
		45EE1AED1E6EDFC900EDB4F5 /* Frameworks */ = {
			isa = PBXFrameworksBuildPhase;
			buildActionMask = 2147483647;
			files = (
			);
			runOnlyForDeploymentPostprocessing = 0;
		};
/* End PBXFrameworksBuildPhase section */

/* Begin PBXGroup section */
		45EE1AE71E6EDFC900EDB4F5 = {
			isa = PBXGroup;
			children = (
				45EE1AF21E6EDFC900EDB4F5 /* Book Examples */,
				45EE1AF11E6EDFC900EDB4F5 /* Products */,
			);
			sourceTree = "<group>";
		};
		45EE1AF11E6EDFC900EDB4F5 /* Products */ = {
			isa = PBXGroup;
			children = (
				45EE1AF01E6EDFC900EDB4F5 /* Book Examples */,
			);
			name = Products;
			sourceTree = "<group>";
		};
		45EE1AF21E6EDFC900EDB4F5 /* Book Examples */ = {
			isa = PBXGroup;
			children = (
				45EE1AF31E6EDFC900EDB4F5 /* main.c */,
				45EE1AFA1E6EE21200EDB4F5 /* Calling Recursively with Functions.c */,
				45EE1AFB1E6EE21200EDB4F5 /* Calling Recursively with Functions.h */,
			);
			path = "Book Examples";
			sourceTree = "<group>";
		};
/* End PBXGroup section */

/* Begin PBXNativeTarget section */
		45EE1AEF1E6EDFC900EDB4F5 /* Book Examples */ = {
			isa = PBXNativeTarget;
			buildConfigurationList = 45EE1AF71E6EDFC900EDB4F5 /* Build configuration list for PBXNativeTarget "Book Examples" */;
			buildPhases = (
				45EE1AEC1E6EDFC900EDB4F5 /* Sources */,
				45EE1AED1E6EDFC900EDB4F5 /* Frameworks */,
				45EE1AEE1E6EDFC900EDB4F5 /* CopyFiles */,
			);
			buildRules = (
			);
			dependencies = (
			);
			name = "Book Examples";
			productName = "Book Examples";
			productReference = 45EE1AF01E6EDFC900EDB4F5 /* Book Examples */;
			productType = "com.apple.product-type.tool";
		};
/* End PBXNativeTarget section */

/* Begin PBXProject section */
		45EE1AE81E6EDFC900EDB4F5 /* Project object */ = {
			isa = PBXProject;
			attributes = {
				LastUpgradeCheck = 0730;
				ORGANIZATIONNAME = "Darren Hardy";
				TargetAttributes = {
					45EE1AEF1E6EDFC900EDB4F5 = {
						CreatedOnToolsVersion = 7.3.1;
					};
				};
			};
			buildConfigurationList = 45EE1AEB1E6EDFC900EDB4F5 /* Build configuration list for PBXProject "Book Examples" */;
			compatibilityVersion = "Xcode 3.2";
			developmentRegion = English;
			hasScannedForEncodings = 0;
			knownRegions = (
				en,
			);
			mainGroup = 45EE1AE71E6EDFC900EDB4F5;
			productRefGroup = 45EE1AF11E6EDFC900EDB4F5 /* Products */;
			projectDirPath = "";
			projectRoot = "";
			targets = (
				45EE1AEF1E6EDFC900EDB4F5 /* Book Examples */,
			);
		};
/* End PBXProject section */

/* Begin PBXSourcesBuildPhase section */
		45EE1AEC1E6EDFC900EDB4F5 /* Sources */ = {
			isa = PBXSourcesBuildPhase;
			buildActionMask = 2147483647;
			files = (
				45EE1AF41E6EDFC900EDB4F5 /* main.c in Sources */,
				45EE1AFC1E6EE21200EDB4F5 /* Calling Recursively with Functions.c in Sources */,
			);
			runOnlyForDeploymentPostprocessing = 0;
		};
/* End PBXSourcesBuildPhase section */

/* Begin XCBuildConfiguration section */
		45EE1AF51E6EDFC900EDB4F5 /* Debug */ = {
			isa = XCBuildConfiguration;
			buildSettings = {
				ALWAYS_SEARCH_USER_PATHS = NO;
				CLANG_ANALYZER_NONNULL = YES;
				CLANG_CXX_LANGUAGE_STANDARD = "gnu++0x";
				CLANG_CXX_LIBRARY = "libc++";
				CLANG_ENABLE_MODULES = YES;
				CLANG_ENABLE_OBJC_ARC = YES;
				CLANG_WARN_BOOL_CONVERSION = YES;
				CLANG_WARN_CONSTANT_CONVERSION = YES;
				CLANG_WARN_DIRECT_OBJC_ISA_USAGE = YES_ERROR;
				CLANG_WARN_EMPTY_BODY = YES;
				CLANG_WARN_ENUM_CONVERSION = YES;
				CLANG_WARN_INT_CONVERSION = YES;
				CLANG_WARN_OBJC_ROOT_CLASS = YES_ERROR;
				CLANG_WARN_UNREACHABLE_CODE = YES;
				CLANG_WARN__DUPLICATE_METHOD_MATCH = YES;
				CODE_SIGN_IDENTITY = "-";
				COPY_PHASE_STRIP = NO;
				DEBUG_INFORMATION_FORMAT = dwarf;
				ENABLE_STRICT_OBJC_MSGSEND = YES;
				ENABLE_TESTABILITY = YES;
				GCC_C_LANGUAGE_STANDARD = gnu99;
				GCC_DYNAMIC_NO_PIC = NO;
				GCC_NO_COMMON_BLOCKS = YES;
				GCC_OPTIMIZATION_LEVEL = 0;
				GCC_PREPROCESSOR_DEFINITIONS = (
					"DEBUG=1",
					"$(inherited)",
				);
				GCC_WARN_64_TO_32_BIT_CONVERSION = YES;
				GCC_WARN_ABOUT_RETURN_TYPE = YES_ERROR;
				GCC_WARN_UNDECLARED_SELECTOR = YES;
				GCC_WARN_UNINITIALIZED_AUTOS = YES_AGGRESSIVE;
				GCC_WARN_UNUSED_FUNCTION = YES;
				GCC_WARN_UNUSED_VARIABLE = YES;
				MACOSX_DEPLOYMENT_TARGET = 10.12;
				MTL_ENABLE_DEBUG_INFO = YES;
				ONLY_ACTIVE_ARCH = YES;
				SDKROOT = macosx;
			};
			name = Debug;
		};
		45EE1AF61E6EDFC900EDB4F5 /* Release */ = {
			isa = XCBuildConfiguration;
			buildSettings = {
				ALWAYS_SEARCH_USER_PATHS = NO;
				CLANG_ANALYZER_NONNULL = YES;
				CLANG_CXX_LANGUAGE_STANDARD = "gnu++0x";
				CLANG_CXX_LIBRARY = "libc++";
				CLANG_ENABLE_MODULES = YES;
				CLANG_ENABLE_OBJC_ARC = YES;
				CLANG_WARN_BOOL_CONVERSION = YES;
				CLANG_WARN_CONSTANT_CONVERSION = YES;
				CLANG_WARN_DIRECT_OBJC_ISA_USAGE = YES_ERROR;
				CLANG_WARN_EMPTY_BODY = YES;
				CLANG_WARN_ENUM_CONVERSION = YES;
				CLANG_WARN_INT_CONVERSION = YES;
				CLANG_WARN_OBJC_ROOT_CLASS = YES_ERROR;
				CLANG_WARN_UNREACHABLE_CODE = YES;
				CLANG_WARN__DUPLICATE_METHOD_MATCH = YES;
				CODE_SIGN_IDENTITY = "-";
				COPY_PHASE_STRIP = NO;
				DEBUG_INFORMATION_FORMAT = "dwarf-with-dsym";
				ENABLE_NS_ASSERTIONS = NO;
				ENABLE_STRICT_OBJC_MSGSEND = YES;
				GCC_C_LANGUAGE_STANDARD = gnu99;
				GCC_NO_COMMON_BLOCKS = YES;
				GCC_WARN_64_TO_32_BIT_CONVERSION = YES;
				GCC_WARN_ABOUT_RETURN_TYPE = YES_ERROR;
				GCC_WARN_UNDECLARED_SELECTOR = YES;
				GCC_WARN_UNINITIALIZED_AUTOS = YES_AGGRESSIVE;
				GCC_WARN_UNUSED_FUNCTION = YES;
				GCC_WARN_UNUSED_VARIABLE = YES;
				MACOSX_DEPLOYMENT_TARGET = 10.12;
				MTL_ENABLE_DEBUG_INFO = NO;
				SDKROOT = macosx;
			};
			name = Release;
		};
		45EE1AF81E6EDFC900EDB4F5 /* Debug */ = {
			isa = XCBuildConfiguration;
			buildSettings = {
				PRODUCT_NAME = "$(TARGET_NAME)";
			};
			name = Debug;
		};
		45EE1AF91E6EDFC900EDB4F5 /* Release */ = {
			isa = XCBuildConfiguration;
			buildSettings = {
				PRODUCT_NAME = "$(TARGET_NAME)";
			};
			name = Release;
		};
/* End XCBuildConfiguration section */

/* Begin XCConfigurationList section */
		45EE1AEB1E6EDFC900EDB4F5 /* Build configuration list for PBXProject "Book Examples" */ = {
			isa = XCConfigurationList;
			buildConfigurations = (
				45EE1AF51E6EDFC900EDB4F5 /* Debug */,
				45EE1AF61E6EDFC900EDB4F5 /* Release */,
			);
			defaultConfigurationIsVisible = 0;
			defaultConfigurationName = Release;
		};
		45EE1AF71E6EDFC900EDB4F5 /* Build configuration list for PBXNativeTarget "Book Examples" */ = {
			isa = XCConfigurationList;
			buildConfigurations = (
				45EE1AF81E6EDFC900EDB4F5 /* Debug */,
				45EE1AF91E6EDFC900EDB4F5 /* Release */,
			);
			defaultConfigurationIsVisible = 0;
		};
/* End XCConfigurationList section */
	};
	rootObject = 45EE1AE81E6EDFC900EDB4F5 /* Project object */;
}
